// !$*UTF8*$!
{
	archiveVersion = 1;
	classes = {
	};
	objectVersion = 77;
	objects = {

/* Begin PBXContainerItemProxy section */
		E3C6EF3A2D8CB6C700355D5B /* PBXContainerItemProxy */ = {
			isa = PBXContainerItemProxy;
			containerPortal = E3C6EF202D8CB6C400355D5B /* Project object */;
			proxyType = 1;
			remoteGlobalIDString = E3C6EF272D8CB6C400355D5B;
			remoteInfo = GitStreak;
		};
		E3C6EF442D8CB6C700355D5B /* PBXContainerItemProxy */ = {
			isa = PBXContainerItemProxy;
			containerPortal = E3C6EF202D8CB6C400355D5B /* Project object */;
			proxyType = 1;
			remoteGlobalIDString = E3C6EF272D8CB6C400355D5B;
			remoteInfo = GitStreak;
		};
/* End PBXContainerItemProxy section */

/* Begin PBXFileReference section */
		E3C6EF282D8CB6C400355D5B /* GitStreak.app */ = {isa = PBXFileReference; explicitFileType = wrapper.application; includeInIndex = 0; path = GitStreak.app; sourceTree = BUILT_PRODUCTS_DIR; };
		E3C6EF392D8CB6C700355D5B /* GitStreakTests.xctest */ = {isa = PBXFileReference; explicitFileType = wrapper.cfbundle; includeInIndex = 0; path = GitStreakTests.xctest; sourceTree = BUILT_PRODUCTS_DIR; };
		E3C6EF432D8CB6C700355D5B /* GitStreakUITests.xctest */ = {isa = PBXFileReference; explicitFileType = wrapper.cfbundle; includeInIndex = 0; path = GitStreakUITests.xctest; sourceTree = BUILT_PRODUCTS_DIR; };
/* End PBXFileReference section */

/* Begin PBXFileSystemSynchronizedRootGroup section */
		E3C6EF2A2D8CB6C400355D5B /* GitStreak */ = {
			isa = PBXFileSystemSynchronizedRootGroup;
			path = GitStreak;
			sourceTree = "<group>";
		};
<<<<<<< HEAD
		E3C6EF3C2D8CB6C700355D5B /* GitStreakTests */ = {
			isa = PBXFileSystemSynchronizedRootGroup;
			path = GitStreakTests;
			sourceTree = "<group>";
		};
		E3C6EF462D8CB6C700355D5B /* GitStreakUITests */ = {
			isa = PBXFileSystemSynchronizedRootGroup;
			path = GitStreakUITests;
			sourceTree = "<group>";
		};
=======
>>>>>>> 9fea78c (still shit - nothing works)
/* End PBXFileSystemSynchronizedRootGroup section */

/* Begin PBXFrameworksBuildPhase section */
		E3C6EF252D8CB6C400355D5B /* Frameworks */ = {
			isa = PBXFrameworksBuildPhase;
			buildActionMask = 2147483647;
			files = (
			);
			runOnlyForDeploymentPostprocessing = 0;
		};
		E3C6EF362D8CB6C700355D5B /* Frameworks */ = {
			isa = PBXFrameworksBuildPhase;
			buildActionMask = 2147483647;
			files = (
			);
			runOnlyForDeploymentPostprocessing = 0;
		};
		E3C6EF402D8CB6C700355D5B /* Frameworks */ = {
			isa = PBXFrameworksBuildPhase;
			buildActionMask = 2147483647;
			files = (
			);
			runOnlyForDeploymentPostprocessing = 0;
		};
/* End PBXFrameworksBuildPhase section */

/* Begin PBXGroup section */
		E3C6EF1F2D8CB6C400355D5B = {
			isa = PBXGroup;
			children = (
				E3C6EF2A2D8CB6C400355D5B /* GitStreak */,
<<<<<<< HEAD
				E3C6EF3C2D8CB6C700355D5B /* GitStreakTests */,
				E3C6EF462D8CB6C700355D5B /* GitStreakUITests */,
=======
>>>>>>> 9fea78c (still shit - nothing works)
				E3C6EF292D8CB6C400355D5B /* Products */,
			);
			sourceTree = "<group>";
		};
		E3C6EF292D8CB6C400355D5B /* Products */ = {
			isa = PBXGroup;
			children = (
				E3C6EF282D8CB6C400355D5B /* GitStreak.app */,
				E3C6EF392D8CB6C700355D5B /* GitStreakTests.xctest */,
				E3C6EF432D8CB6C700355D5B /* GitStreakUITests.xctest */,
			);
			name = Products;
			sourceTree = "<group>";
		};
/* End PBXGroup section */

/* Begin PBXNativeTarget section */
		E3C6EF272D8CB6C400355D5B /* GitStreak */ = {
			isa = PBXNativeTarget;
			buildConfigurationList = E3C6EF4D2D8CB6C700355D5B /* Build configuration list for PBXNativeTarget "GitStreak" */;
			buildPhases = (
				E3C6EF242D8CB6C400355D5B /* Sources */,
				E3C6EF252D8CB6C400355D5B /* Frameworks */,
				E3C6EF262D8CB6C400355D5B /* Resources */,
			);
			buildRules = (
			);
			dependencies = (
			);
			fileSystemSynchronizedGroups = (
				E3C6EF2A2D8CB6C400355D5B /* GitStreak */,
			);
			name = GitStreak;
			packageProductDependencies = (
			);
			productName = GitStreak;
			productReference = E3C6EF282D8CB6C400355D5B /* GitStreak.app */;
			productType = "com.apple.product-type.application";
		};
		E3C6EF382D8CB6C700355D5B /* GitStreakTests */ = {
			isa = PBXNativeTarget;
			buildConfigurationList = E3C6EF502D8CB6C700355D5B /* Build configuration list for PBXNativeTarget "GitStreakTests" */;
			buildPhases = (
				E3C6EF352D8CB6C700355D5B /* Sources */,
				E3C6EF362D8CB6C700355D5B /* Frameworks */,
				E3C6EF372D8CB6C700355D5B /* Resources */,
			);
			buildRules = (
			);
			dependencies = (
				E3C6EF3B2D8CB6C700355D5B /* PBXTargetDependency */,
			);
<<<<<<< HEAD
			fileSystemSynchronizedGroups = (
				E3C6EF3C2D8CB6C700355D5B /* GitStreakTests */,
			);
=======
>>>>>>> 9fea78c (still shit - nothing works)
			name = GitStreakTests;
			packageProductDependencies = (
			);
			productName = GitStreakTests;
			productReference = E3C6EF392D8CB6C700355D5B /* GitStreakTests.xctest */;
			productType = "com.apple.product-type.bundle.unit-test";
		};
		E3C6EF422D8CB6C700355D5B /* GitStreakUITests */ = {
			isa = PBXNativeTarget;
			buildConfigurationList = E3C6EF532D8CB6C700355D5B /* Build configuration list for PBXNativeTarget "GitStreakUITests" */;
			buildPhases = (
				E3C6EF3F2D8CB6C700355D5B /* Sources */,
				E3C6EF402D8CB6C700355D5B /* Frameworks */,
				E3C6EF412D8CB6C700355D5B /* Resources */,
			);
			buildRules = (
			);
			dependencies = (
				E3C6EF452D8CB6C700355D5B /* PBXTargetDependency */,
			);
<<<<<<< HEAD
			fileSystemSynchronizedGroups = (
				E3C6EF462D8CB6C700355D5B /* GitStreakUITests */,
			);
=======
>>>>>>> 9fea78c (still shit - nothing works)
			name = GitStreakUITests;
			packageProductDependencies = (
			);
			productName = GitStreakUITests;
			productReference = E3C6EF432D8CB6C700355D5B /* GitStreakUITests.xctest */;
			productType = "com.apple.product-type.bundle.ui-testing";
		};
/* End PBXNativeTarget section */

/* Begin PBXProject section */
		E3C6EF202D8CB6C400355D5B /* Project object */ = {
			isa = PBXProject;
			attributes = {
				BuildIndependentTargetsInParallel = 1;
				LastSwiftUpdateCheck = 1620;
				LastUpgradeCheck = 1620;
				TargetAttributes = {
					E3C6EF272D8CB6C400355D5B = {
						CreatedOnToolsVersion = 16.2;
					};
					E3C6EF382D8CB6C700355D5B = {
						CreatedOnToolsVersion = 16.2;
						TestTargetID = E3C6EF272D8CB6C400355D5B;
					};
					E3C6EF422D8CB6C700355D5B = {
						CreatedOnToolsVersion = 16.2;
						TestTargetID = E3C6EF272D8CB6C400355D5B;
					};
				};
			};
			buildConfigurationList = E3C6EF232D8CB6C400355D5B /* Build configuration list for PBXProject "GitStreak" */;
			developmentRegion = en;
			hasScannedForEncodings = 0;
			knownRegions = (
				en,
				Base,
			);
			mainGroup = E3C6EF1F2D8CB6C400355D5B;
			minimizedProjectReferenceProxies = 1;
			preferredProjectObjectVersion = 77;
			productRefGroup = E3C6EF292D8CB6C400355D5B /* Products */;
			projectDirPath = "";
			projectRoot = "";
			targets = (
				E3C6EF272D8CB6C400355D5B /* GitStreak */,
				E3C6EF382D8CB6C700355D5B /* GitStreakTests */,
				E3C6EF422D8CB6C700355D5B /* GitStreakUITests */,
			);
		};
/* End PBXProject section */

/* Begin PBXResourcesBuildPhase section */
		E3C6EF262D8CB6C400355D5B /* Resources */ = {
			isa = PBXResourcesBuildPhase;
			buildActionMask = 2147483647;
			files = (
			);
			runOnlyForDeploymentPostprocessing = 0;
		};
		E3C6EF372D8CB6C700355D5B /* Resources */ = {
			isa = PBXResourcesBuildPhase;
			buildActionMask = 2147483647;
			files = (
			);
			runOnlyForDeploymentPostprocessing = 0;
		};
		E3C6EF412D8CB6C700355D5B /* Resources */ = {
			isa = PBXResourcesBuildPhase;
			buildActionMask = 2147483647;
			files = (
			);
			runOnlyForDeploymentPostprocessing = 0;
		};
/* End PBXResourcesBuildPhase section */

/* Begin PBXSourcesBuildPhase section */
		E3C6EF242D8CB6C400355D5B /* Sources */ = {
			isa = PBXSourcesBuildPhase;
			buildActionMask = 2147483647;
			files = (
			);
			runOnlyForDeploymentPostprocessing = 0;
		};
		E3C6EF352D8CB6C700355D5B /* Sources */ = {
			isa = PBXSourcesBuildPhase;
			buildActionMask = 2147483647;
			files = (
			);
			runOnlyForDeploymentPostprocessing = 0;
		};
		E3C6EF3F2D8CB6C700355D5B /* Sources */ = {
			isa = PBXSourcesBuildPhase;
			buildActionMask = 2147483647;
			files = (
			);
			runOnlyForDeploymentPostprocessing = 0;
		};
/* End PBXSourcesBuildPhase section */

/* Begin PBXTargetDependency section */
		E3C6EF3B2D8CB6C700355D5B /* PBXTargetDependency */ = {
			isa = PBXTargetDependency;
			target = E3C6EF272D8CB6C400355D5B /* GitStreak */;
			targetProxy = E3C6EF3A2D8CB6C700355D5B /* PBXContainerItemProxy */;
		};
		E3C6EF452D8CB6C700355D5B /* PBXTargetDependency */ = {
			isa = PBXTargetDependency;
			target = E3C6EF272D8CB6C400355D5B /* GitStreak */;
			targetProxy = E3C6EF442D8CB6C700355D5B /* PBXContainerItemProxy */;
		};
/* End PBXTargetDependency section */

/* Begin XCBuildConfiguration section */
		E3C6EF4B2D8CB6C700355D5B /* Debug */ = {
			isa = XCBuildConfiguration;
			buildSettings = {
				ALWAYS_SEARCH_USER_PATHS = NO;
				ASSETCATALOG_COMPILER_GENERATE_SWIFT_ASSET_SYMBOL_EXTENSIONS = YES;
				CLANG_ANALYZER_NONNULL = YES;
				CLANG_ANALYZER_NUMBER_OBJECT_CONVERSION = YES_AGGRESSIVE;
				CLANG_CXX_LANGUAGE_STANDARD = "gnu++20";
				CLANG_ENABLE_MODULES = YES;
				CLANG_ENABLE_OBJC_ARC = YES;
				CLANG_ENABLE_OBJC_WEAK = YES;
				CLANG_WARN_BLOCK_CAPTURE_AUTORELEASING = YES;
				CLANG_WARN_BOOL_CONVERSION = YES;
				CLANG_WARN_COMMA = YES;
				CLANG_WARN_CONSTANT_CONVERSION = YES;
				CLANG_WARN_DEPRECATED_OBJC_IMPLEMENTATIONS = YES;
				CLANG_WARN_DIRECT_OBJC_ISA_USAGE = YES_ERROR;
				CLANG_WARN_DOCUMENTATION_COMMENTS = YES;
				CLANG_WARN_EMPTY_BODY = YES;
				CLANG_WARN_ENUM_CONVERSION = YES;
				CLANG_WARN_INFINITE_RECURSION = YES;
				CLANG_WARN_INT_CONVERSION = YES;
				CLANG_WARN_NON_LITERAL_NULL_CONVERSION = YES;
				CLANG_WARN_OBJC_IMPLICIT_RETAIN_SELF = YES;
				CLANG_WARN_OBJC_LITERAL_CONVERSION = YES;
				CLANG_WARN_OBJC_ROOT_CLASS = YES_ERROR;
				CLANG_WARN_QUOTED_INCLUDE_IN_FRAMEWORK_HEADER = YES;
				CLANG_WARN_RANGE_LOOP_ANALYSIS = YES;
				CLANG_WARN_STRICT_PROTOTYPES = YES;
				CLANG_WARN_SUSPICIOUS_MOVE = YES;
				CLANG_WARN_UNGUARDED_AVAILABILITY = YES_AGGRESSIVE;
				CLANG_WARN_UNREACHABLE_CODE = YES;
				CLANG_WARN__DUPLICATE_METHOD_MATCH = YES;
				COPY_PHASE_STRIP = NO;
				DEBUG_INFORMATION_FORMAT = dwarf;
				ENABLE_STRICT_OBJC_MSGSEND = YES;
				ENABLE_TESTABILITY = YES;
				ENABLE_USER_SCRIPT_SANDBOXING = YES;
				GCC_C_LANGUAGE_STANDARD = gnu17;
				GCC_DYNAMIC_NO_PIC = NO;
				GCC_NO_COMMON_BLOCKS = YES;
				GCC_OPTIMIZATION_LEVEL = 0;
				GCC_PREPROCESSOR_DEFINITIONS = (
					"DEBUG=1",
					"$(inherited)",
				);
				GCC_WARN_64_TO_32_BIT_CONVERSION = YES;
				GCC_WARN_ABOUT_RETURN_TYPE = YES_ERROR;
				GCC_WARN_UNDECLARED_SELECTOR = YES;
				GCC_WARN_UNINITIALIZED_AUTOS = YES_AGGRESSIVE;
				GCC_WARN_UNUSED_FUNCTION = YES;
				GCC_WARN_UNUSED_VARIABLE = YES;
				LOCALIZATION_PREFERS_STRING_CATALOGS = YES;
				MACOSX_DEPLOYMENT_TARGET = 15.2;
				MTL_ENABLE_DEBUG_INFO = INCLUDE_SOURCE;
				MTL_FAST_MATH = YES;
				ONLY_ACTIVE_ARCH = YES;
				SDKROOT = macosx;
				SWIFT_ACTIVE_COMPILATION_CONDITIONS = "DEBUG $(inherited)";
				SWIFT_OPTIMIZATION_LEVEL = "-Onone";
			};
			name = Debug;
		};
		E3C6EF4C2D8CB6C700355D5B /* Release */ = {
			isa = XCBuildConfiguration;
			buildSettings = {
				ALWAYS_SEARCH_USER_PATHS = NO;
				ASSETCATALOG_COMPILER_GENERATE_SWIFT_ASSET_SYMBOL_EXTENSIONS = YES;
				CLANG_ANALYZER_NONNULL = YES;
				CLANG_ANALYZER_NUMBER_OBJECT_CONVERSION = YES_AGGRESSIVE;
				CLANG_CXX_LANGUAGE_STANDARD = "gnu++20";
				CLANG_ENABLE_MODULES = YES;
				CLANG_ENABLE_OBJC_ARC = YES;
				CLANG_ENABLE_OBJC_WEAK = YES;
				CLANG_WARN_BLOCK_CAPTURE_AUTORELEASING = YES;
				CLANG_WARN_BOOL_CONVERSION = YES;
				CLANG_WARN_COMMA = YES;
				CLANG_WARN_CONSTANT_CONVERSION = YES;
				CLANG_WARN_DEPRECATED_OBJC_IMPLEMENTATIONS = YES;
				CLANG_WARN_DIRECT_OBJC_ISA_USAGE = YES_ERROR;
				CLANG_WARN_DOCUMENTATION_COMMENTS = YES;
				CLANG_WARN_EMPTY_BODY = YES;
				CLANG_WARN_ENUM_CONVERSION = YES;
				CLANG_WARN_INFINITE_RECURSION = YES;
				CLANG_WARN_INT_CONVERSION = YES;
				CLANG_WARN_NON_LITERAL_NULL_CONVERSION = YES;
				CLANG_WARN_OBJC_IMPLICIT_RETAIN_SELF = YES;
				CLANG_WARN_OBJC_LITERAL_CONVERSION = YES;
				CLANG_WARN_OBJC_ROOT_CLASS = YES_ERROR;
				CLANG_WARN_QUOTED_INCLUDE_IN_FRAMEWORK_HEADER = YES;
				CLANG_WARN_RANGE_LOOP_ANALYSIS = YES;
				CLANG_WARN_STRICT_PROTOTYPES = YES;
				CLANG_WARN_SUSPICIOUS_MOVE = YES;
				CLANG_WARN_UNGUARDED_AVAILABILITY = YES_AGGRESSIVE;
				CLANG_WARN_UNREACHABLE_CODE = YES;
				CLANG_WARN__DUPLICATE_METHOD_MATCH = YES;
				COPY_PHASE_STRIP = NO;
				DEBUG_INFORMATION_FORMAT = "dwarf-with-dsym";
				ENABLE_NS_ASSERTIONS = NO;
				ENABLE_STRICT_OBJC_MSGSEND = YES;
				ENABLE_USER_SCRIPT_SANDBOXING = YES;
				GCC_C_LANGUAGE_STANDARD = gnu17;
				GCC_NO_COMMON_BLOCKS = YES;
				GCC_WARN_64_TO_32_BIT_CONVERSION = YES;
				GCC_WARN_ABOUT_RETURN_TYPE = YES_ERROR;
				GCC_WARN_UNDECLARED_SELECTOR = YES;
				GCC_WARN_UNINITIALIZED_AUTOS = YES_AGGRESSIVE;
				GCC_WARN_UNUSED_FUNCTION = YES;
				GCC_WARN_UNUSED_VARIABLE = YES;
				LOCALIZATION_PREFERS_STRING_CATALOGS = YES;
				MACOSX_DEPLOYMENT_TARGET = 15.2;
				MTL_ENABLE_DEBUG_INFO = NO;
				MTL_FAST_MATH = YES;
				SDKROOT = macosx;
				SWIFT_COMPILATION_MODE = wholemodule;
			};
			name = Release;
		};
		E3C6EF4E2D8CB6C700355D5B /* Debug */ = {
			isa = XCBuildConfiguration;
			buildSettings = {
				ASSETCATALOG_COMPILER_APPICON_NAME = AppIcon;
				ASSETCATALOG_COMPILER_GLOBAL_ACCENT_COLOR_NAME = AccentColor;
				CODE_SIGN_ENTITLEMENTS = GitStreak/GitStreak.entitlements;
				CODE_SIGN_STYLE = Automatic;
				COMBINE_HIDPI_IMAGES = YES;
				CURRENT_PROJECT_VERSION = 1;
				DEVELOPMENT_ASSET_PATHS = "\"GitStreak/Preview Content\"";
				ENABLE_PREVIEWS = YES;
				GENERATE_INFOPLIST_FILE = YES;
				INFOPLIST_KEY_NSHumanReadableCopyright = "";
				LD_RUNPATH_SEARCH_PATHS = (
					"$(inherited)",
					"@executable_path/../Frameworks",
				);
				MARKETING_VERSION = 1.0;
				PRODUCT_BUNDLE_IDENTIFIER = "mvrck-dev.GitStreak";
				PRODUCT_NAME = "$(TARGET_NAME)";
				SWIFT_EMIT_LOC_STRINGS = YES;
				SWIFT_VERSION = 5.0;
			};
			name = Debug;
		};
		E3C6EF4F2D8CB6C700355D5B /* Release */ = {
			isa = XCBuildConfiguration;
			buildSettings = {
				ASSETCATALOG_COMPILER_APPICON_NAME = AppIcon;
				ASSETCATALOG_COMPILER_GLOBAL_ACCENT_COLOR_NAME = AccentColor;
				CODE_SIGN_ENTITLEMENTS = GitStreak/GitStreak.entitlements;
				CODE_SIGN_STYLE = Automatic;
				COMBINE_HIDPI_IMAGES = YES;
				CURRENT_PROJECT_VERSION = 1;
				DEVELOPMENT_ASSET_PATHS = "\"GitStreak/Preview Content\"";
				ENABLE_PREVIEWS = YES;
				GENERATE_INFOPLIST_FILE = YES;
				INFOPLIST_KEY_NSHumanReadableCopyright = "";
				LD_RUNPATH_SEARCH_PATHS = (
					"$(inherited)",
					"@executable_path/../Frameworks",
				);
				MARKETING_VERSION = 1.0;
				PRODUCT_BUNDLE_IDENTIFIER = "mvrck-dev.GitStreak";
				PRODUCT_NAME = "$(TARGET_NAME)";
				SWIFT_EMIT_LOC_STRINGS = YES;
				SWIFT_VERSION = 5.0;
			};
			name = Release;
		};
		E3C6EF512D8CB6C700355D5B /* Debug */ = {
			isa = XCBuildConfiguration;
			buildSettings = {
				BUNDLE_LOADER = "$(TEST_HOST)";
				CODE_SIGN_STYLE = Automatic;
				CURRENT_PROJECT_VERSION = 1;
				GENERATE_INFOPLIST_FILE = YES;
				MACOSX_DEPLOYMENT_TARGET = 15.2;
				MARKETING_VERSION = 1.0;
				PRODUCT_BUNDLE_IDENTIFIER = "mvrck-dev.GitStreakTests";
				PRODUCT_NAME = "$(TARGET_NAME)";
				SWIFT_EMIT_LOC_STRINGS = NO;
				SWIFT_VERSION = 5.0;
				TEST_HOST = "$(BUILT_PRODUCTS_DIR)/GitStreak.app/$(BUNDLE_EXECUTABLE_FOLDER_PATH)/GitStreak";
			};
			name = Debug;
		};
		E3C6EF522D8CB6C700355D5B /* Release */ = {
			isa = XCBuildConfiguration;
			buildSettings = {
				BUNDLE_LOADER = "$(TEST_HOST)";
				CODE_SIGN_STYLE = Automatic;
				CURRENT_PROJECT_VERSION = 1;
				GENERATE_INFOPLIST_FILE = YES;
				MACOSX_DEPLOYMENT_TARGET = 15.2;
				MARKETING_VERSION = 1.0;
				PRODUCT_BUNDLE_IDENTIFIER = "mvrck-dev.GitStreakTests";
				PRODUCT_NAME = "$(TARGET_NAME)";
				SWIFT_EMIT_LOC_STRINGS = NO;
				SWIFT_VERSION = 5.0;
				TEST_HOST = "$(BUILT_PRODUCTS_DIR)/GitStreak.app/$(BUNDLE_EXECUTABLE_FOLDER_PATH)/GitStreak";
			};
			name = Release;
		};
		E3C6EF542D8CB6C700355D5B /* Debug */ = {
			isa = XCBuildConfiguration;
			buildSettings = {
				CODE_SIGN_STYLE = Automatic;
				CURRENT_PROJECT_VERSION = 1;
				GENERATE_INFOPLIST_FILE = YES;
				MARKETING_VERSION = 1.0;
				PRODUCT_BUNDLE_IDENTIFIER = "mvrck-dev.GitStreakUITests";
				PRODUCT_NAME = "$(TARGET_NAME)";
				SWIFT_EMIT_LOC_STRINGS = NO;
				SWIFT_VERSION = 5.0;
				TEST_TARGET_NAME = GitStreak;
			};
			name = Debug;
		};
		E3C6EF552D8CB6C700355D5B /* Release */ = {
			isa = XCBuildConfiguration;
			buildSettings = {
				CODE_SIGN_STYLE = Automatic;
				CURRENT_PROJECT_VERSION = 1;
				GENERATE_INFOPLIST_FILE = YES;
				MARKETING_VERSION = 1.0;
				PRODUCT_BUNDLE_IDENTIFIER = "mvrck-dev.GitStreakUITests";
				PRODUCT_NAME = "$(TARGET_NAME)";
				SWIFT_EMIT_LOC_STRINGS = NO;
				SWIFT_VERSION = 5.0;
				TEST_TARGET_NAME = GitStreak;
			};
			name = Release;
		};
/* End XCBuildConfiguration section */

/* Begin XCConfigurationList section */
		E3C6EF232D8CB6C400355D5B /* Build configuration list for PBXProject "GitStreak" */ = {
			isa = XCConfigurationList;
			buildConfigurations = (
				E3C6EF4B2D8CB6C700355D5B /* Debug */,
				E3C6EF4C2D8CB6C700355D5B /* Release */,
			);
			defaultConfigurationIsVisible = 0;
			defaultConfigurationName = Release;
		};
		E3C6EF4D2D8CB6C700355D5B /* Build configuration list for PBXNativeTarget "GitStreak" */ = {
			isa = XCConfigurationList;
			buildConfigurations = (
				E3C6EF4E2D8CB6C700355D5B /* Debug */,
				E3C6EF4F2D8CB6C700355D5B /* Release */,
			);
			defaultConfigurationIsVisible = 0;
			defaultConfigurationName = Release;
		};
		E3C6EF502D8CB6C700355D5B /* Build configuration list for PBXNativeTarget "GitStreakTests" */ = {
			isa = XCConfigurationList;
			buildConfigurations = (
				E3C6EF512D8CB6C700355D5B /* Debug */,
				E3C6EF522D8CB6C700355D5B /* Release */,
			);
			defaultConfigurationIsVisible = 0;
			defaultConfigurationName = Release;
		};
		E3C6EF532D8CB6C700355D5B /* Build configuration list for PBXNativeTarget "GitStreakUITests" */ = {
			isa = XCConfigurationList;
			buildConfigurations = (
				E3C6EF542D8CB6C700355D5B /* Debug */,
				E3C6EF552D8CB6C700355D5B /* Release */,
			);
			defaultConfigurationIsVisible = 0;
			defaultConfigurationName = Release;
		};
/* End XCConfigurationList section */
	};
	rootObject = E3C6EF202D8CB6C400355D5B /* Project object */;
}
